
Microsoft Visual Studio Solution File, Format Version 12.00
# Visual Studio Version 16
VisualStudioVersion = 16.0.29926.136
MinimumVisualStudioVersion = 10.0.40219.1
Project("{FAE04EC0-301F-11D3-BF4B-00C04F79EFBC}") = "projeto-teste", "projeto-teste\projeto-teste.csproj", "{BDD67FDA-BA43-446F-92ED-36B3B42F9A62}"
EndProject
Global
	GlobalSection(SolutionConfigurationPlatforms) = preSolution
		Debug|Any CPU = Debug|Any CPU
		Release|Any CPU = Release|Any CPU
	EndGlobalSection
	GlobalSection(ProjectConfigurationPlatforms) = postSolution
		{BDD67FDA-BA43-446F-92ED-36B3B42F9A62}.Debug|Any CPU.ActiveCfg = Debug|Any CPU
		{BDD67FDA-BA43-446F-92ED-36B3B42F9A62}.Debug|Any CPU.Build.0 = Debug|Any CPU
		{BDD67FDA-BA43-446F-92ED-36B3B42F9A62}.Release|Any CPU.ActiveCfg = Release|Any CPU
		{BDD67FDA-BA43-446F-92ED-36B3B42F9A62}.Release|Any CPU.Build.0 = Release|Any CPU
	EndGlobalSection
	GlobalSection(SolutionProperties) = preSolution
		HideSolutionNode = FALSE
	EndGlobalSection
	GlobalSection(ExtensibilityGlobals) = postSolution
		SolutionGuid = {BE883B82-EF25-4CB8-A437-06B3040963FF}
	EndGlobalSection
EndGlobal
